// !$*UTF8*$!
{
	archiveVersion = 1;
	classes = {
	};
	objectVersion = 56;
	objects = {

/* Begin PBXBuildFile section */
		7B3322292B330FA400232580 /* AppsHubTranslationTaskApp.swift in Sources */ = {isa = PBXBuildFile; fileRef = 7B3322282B330FA400232580 /* AppsHubTranslationTaskApp.swift */; };
		7B33222D2B330FA600232580 /* Assets.xcassets in Resources */ = {isa = PBXBuildFile; fileRef = 7B33222C2B330FA600232580 /* Assets.xcassets */; };
		7B3322302B330FA600232580 /* Preview Assets.xcassets in Resources */ = {isa = PBXBuildFile; fileRef = 7B33222F2B330FA600232580 /* Preview Assets.xcassets */; };
		7B3322372B33149D00232580 /* HomeView.swift in Sources */ = {isa = PBXBuildFile; fileRef = 7B3322362B33149D00232580 /* HomeView.swift */; };
		7B33223D2B33152F00232580 /* TextView.swift in Sources */ = {isa = PBXBuildFile; fileRef = 7B33223C2B33152F00232580 /* TextView.swift */; };
		7B33223F2B33153300232580 /* CameraView.swift in Sources */ = {isa = PBXBuildFile; fileRef = 7B33223E2B33153300232580 /* CameraView.swift */; };
		7B3322412B33153700232580 /* VoiceView.swift in Sources */ = {isa = PBXBuildFile; fileRef = 7B3322402B33153700232580 /* VoiceView.swift */; };
		7B3322432B33153C00232580 /* SettingsView.swift in Sources */ = {isa = PBXBuildFile; fileRef = 7B3322422B33153C00232580 /* SettingsView.swift */; };
		7B33224D2B331DA300232580 /* NavFavButtonView.swift in Sources */ = {isa = PBXBuildFile; fileRef = 7B33224C2B331DA300232580 /* NavFavButtonView.swift */; };
		7B33224F2B331E1800232580 /* NavHistoryButtonView.swift in Sources */ = {isa = PBXBuildFile; fileRef = 7B33224E2B331E1800232580 /* NavHistoryButtonView.swift */; };
		7B3322522B33221700232580 /* Constants.swift in Sources */ = {isa = PBXBuildFile; fileRef = 7B3322512B33221700232580 /* Constants.swift */; };
		7B3322572B33266600232580 /* CustomTextFieldView.swift in Sources */ = {isa = PBXBuildFile; fileRef = 7B3322562B33266600232580 /* CustomTextFieldView.swift */; };
		7B3322592B333BCB00232580 /* ChooseLanguageButtonView.swift in Sources */ = {isa = PBXBuildFile; fileRef = 7B3322582B333BCB00232580 /* ChooseLanguageButtonView.swift */; };
		7B33225B2B333D0600232580 /* ChangeLanguagesButtonView.swift in Sources */ = {isa = PBXBuildFile; fileRef = 7B33225A2B333D0600232580 /* ChangeLanguagesButtonView.swift */; };
		7B33225E2B333FB200232580 /* LanguageSelectionView.swift in Sources */ = {isa = PBXBuildFile; fileRef = 7B33225D2B333FB200232580 /* LanguageSelectionView.swift */; };
		7B3322602B33424C00232580 /* OfflineModeView.swift in Sources */ = {isa = PBXBuildFile; fileRef = 7B33225F2B33424C00232580 /* OfflineModeView.swift */; };
		7B3322632B334F6A00232580 /* TranslateButtonView.swift in Sources */ = {isa = PBXBuildFile; fileRef = 7B3322622B334F6A00232580 /* TranslateButtonView.swift */; };
		7B3322652B335E4700232580 /* LanguageModel.swift in Sources */ = {isa = PBXBuildFile; fileRef = 7B3322642B335E4700232580 /* LanguageModel.swift */; };
		7B3322672B335E7000232580 /* LanguageViewModel.swift in Sources */ = {isa = PBXBuildFile; fileRef = 7B3322662B335E7000232580 /* LanguageViewModel.swift */; };
		7B3322692B3360E300232580 /* LanguageListView.swift in Sources */ = {isa = PBXBuildFile; fileRef = 7B3322682B3360E300232580 /* LanguageListView.swift */; };
		7B7212E02B3369FF00C4C78B /* LanguageListCellView.swift in Sources */ = {isa = PBXBuildFile; fileRef = 7B7212DF2B3369FF00C4C78B /* LanguageListCellView.swift */; };
		7B7212E22B336E9600C4C78B /* KeyboardObserver.swift in Sources */ = {isa = PBXBuildFile; fileRef = 7B7212E12B336E9600C4C78B /* KeyboardObserver.swift */; };
/* End PBXBuildFile section */

/* Begin PBXFileReference section */
		7B3322252B330FA400232580 /* AppsHubTranslationTask.app */ = {isa = PBXFileReference; explicitFileType = wrapper.application; includeInIndex = 0; path = AppsHubTranslationTask.app; sourceTree = BUILT_PRODUCTS_DIR; };
		7B3322282B330FA400232580 /* AppsHubTranslationTaskApp.swift */ = {isa = PBXFileReference; lastKnownFileType = sourcecode.swift; path = AppsHubTranslationTaskApp.swift; sourceTree = "<group>"; };
		7B33222C2B330FA600232580 /* Assets.xcassets */ = {isa = PBXFileReference; lastKnownFileType = folder.assetcatalog; path = Assets.xcassets; sourceTree = "<group>"; };
		7B33222F2B330FA600232580 /* Preview Assets.xcassets */ = {isa = PBXFileReference; lastKnownFileType = folder.assetcatalog; path = "Preview Assets.xcassets"; sourceTree = "<group>"; };
		7B3322362B33149D00232580 /* HomeView.swift */ = {isa = PBXFileReference; lastKnownFileType = sourcecode.swift; path = HomeView.swift; sourceTree = "<group>"; };
		7B33223C2B33152F00232580 /* TextView.swift */ = {isa = PBXFileReference; lastKnownFileType = sourcecode.swift; path = TextView.swift; sourceTree = "<group>"; };
		7B33223E2B33153300232580 /* CameraView.swift */ = {isa = PBXFileReference; lastKnownFileType = sourcecode.swift; path = CameraView.swift; sourceTree = "<group>"; };
		7B3322402B33153700232580 /* VoiceView.swift */ = {isa = PBXFileReference; lastKnownFileType = sourcecode.swift; path = VoiceView.swift; sourceTree = "<group>"; };
		7B3322422B33153C00232580 /* SettingsView.swift */ = {isa = PBXFileReference; lastKnownFileType = sourcecode.swift; path = SettingsView.swift; sourceTree = "<group>"; };
		7B33224C2B331DA300232580 /* NavFavButtonView.swift */ = {isa = PBXFileReference; lastKnownFileType = sourcecode.swift; path = NavFavButtonView.swift; sourceTree = "<group>"; };
		7B33224E2B331E1800232580 /* NavHistoryButtonView.swift */ = {isa = PBXFileReference; lastKnownFileType = sourcecode.swift; path = NavHistoryButtonView.swift; sourceTree = "<group>"; };
		7B3322512B33221700232580 /* Constants.swift */ = {isa = PBXFileReference; lastKnownFileType = sourcecode.swift; path = Constants.swift; sourceTree = "<group>"; };
		7B3322562B33266600232580 /* CustomTextFieldView.swift */ = {isa = PBXFileReference; lastKnownFileType = sourcecode.swift; path = CustomTextFieldView.swift; sourceTree = "<group>"; };
		7B3322582B333BCB00232580 /* ChooseLanguageButtonView.swift */ = {isa = PBXFileReference; lastKnownFileType = sourcecode.swift; path = ChooseLanguageButtonView.swift; sourceTree = "<group>"; };
		7B33225A2B333D0600232580 /* ChangeLanguagesButtonView.swift */ = {isa = PBXFileReference; lastKnownFileType = sourcecode.swift; path = ChangeLanguagesButtonView.swift; sourceTree = "<group>"; };
		7B33225D2B333FB200232580 /* LanguageSelectionView.swift */ = {isa = PBXFileReference; lastKnownFileType = sourcecode.swift; path = LanguageSelectionView.swift; sourceTree = "<group>"; };
		7B33225F2B33424C00232580 /* OfflineModeView.swift */ = {isa = PBXFileReference; lastKnownFileType = sourcecode.swift; path = OfflineModeView.swift; sourceTree = "<group>"; };
		7B3322622B334F6A00232580 /* TranslateButtonView.swift */ = {isa = PBXFileReference; lastKnownFileType = sourcecode.swift; path = TranslateButtonView.swift; sourceTree = "<group>"; };
		7B3322642B335E4700232580 /* LanguageModel.swift */ = {isa = PBXFileReference; lastKnownFileType = sourcecode.swift; path = LanguageModel.swift; sourceTree = "<group>"; };
		7B3322662B335E7000232580 /* LanguageViewModel.swift */ = {isa = PBXFileReference; lastKnownFileType = sourcecode.swift; path = LanguageViewModel.swift; sourceTree = "<group>"; };
		7B3322682B3360E300232580 /* LanguageListView.swift */ = {isa = PBXFileReference; lastKnownFileType = sourcecode.swift; path = LanguageListView.swift; sourceTree = "<group>"; };
		7B7212DF2B3369FF00C4C78B /* LanguageListCellView.swift */ = {isa = PBXFileReference; lastKnownFileType = sourcecode.swift; path = LanguageListCellView.swift; sourceTree = "<group>"; };
		7B7212E12B336E9600C4C78B /* KeyboardObserver.swift */ = {isa = PBXFileReference; lastKnownFileType = sourcecode.swift; path = KeyboardObserver.swift; sourceTree = "<group>"; };
/* End PBXFileReference section */

/* Begin PBXFrameworksBuildPhase section */
		7B3322222B330FA400232580 /* Frameworks */ = {
			isa = PBXFrameworksBuildPhase;
			buildActionMask = 2147483647;
			files = (
			);
			runOnlyForDeploymentPostprocessing = 0;
		};
/* End PBXFrameworksBuildPhase section */

/* Begin PBXGroup section */
		7B33221C2B330FA400232580 = {
			isa = PBXGroup;
			children = (
				7B3322272B330FA400232580 /* AppsHubTranslationTask */,
				7B3322262B330FA400232580 /* Products */,
			);
			sourceTree = "<group>";
		};
		7B3322262B330FA400232580 /* Products */ = {
			isa = PBXGroup;
			children = (
				7B3322252B330FA400232580 /* AppsHubTranslationTask.app */,
			);
			name = Products;
			sourceTree = "<group>";
		};
		7B3322272B330FA400232580 /* AppsHubTranslationTask */ = {
			isa = PBXGroup;
			children = (
				7B3322502B33220C00232580 /* Supporters */,
				7B33223B2B33151700232580 /* Model */,
				7B33223A2B33151400232580 /* ViewModel */,
				7B3322392B33151200232580 /* View */,
				7B3322382B3314EE00232580 /* App */,
				7B33222C2B330FA600232580 /* Assets.xcassets */,
				7B33222E2B330FA600232580 /* Preview Content */,
			);
			path = AppsHubTranslationTask;
			sourceTree = "<group>";
		};
		7B33222E2B330FA600232580 /* Preview Content */ = {
			isa = PBXGroup;
			children = (
				7B33222F2B330FA600232580 /* Preview Assets.xcassets */,
			);
			path = "Preview Content";
			sourceTree = "<group>";
		};
		7B3322382B3314EE00232580 /* App */ = {
			isa = PBXGroup;
			children = (
				7B3322282B330FA400232580 /* AppsHubTranslationTaskApp.swift */,
			);
			path = App;
			sourceTree = "<group>";
		};
		7B3322392B33151200232580 /* View */ = {
			isa = PBXGroup;
			children = (
				7B3322452B33156600232580 /* SuperView */,
				7B3322442B33156000232580 /* Subviews */,
			);
			path = View;
			sourceTree = "<group>";
		};
		7B33223A2B33151400232580 /* ViewModel */ = {
			isa = PBXGroup;
			children = (
				7B3322662B335E7000232580 /* LanguageViewModel.swift */,
			);
			path = ViewModel;
			sourceTree = "<group>";
		};
		7B33223B2B33151700232580 /* Model */ = {
			isa = PBXGroup;
			children = (
				7B3322642B335E4700232580 /* LanguageModel.swift */,
			);
			path = Model;
			sourceTree = "<group>";
		};
		7B3322442B33156000232580 /* Subviews */ = {
			isa = PBXGroup;
			children = (
				7B33223C2B33152F00232580 /* TextView.swift */,
				7B3322462B331D6200232580 /* TextViewSubviews */,
				7B33223E2B33153300232580 /* CameraView.swift */,
				7B3322402B33153700232580 /* VoiceView.swift */,
				7B3322422B33153C00232580 /* SettingsView.swift */,
			);
			path = Subviews;
			sourceTree = "<group>";
		};
		7B3322452B33156600232580 /* SuperView */ = {
			isa = PBXGroup;
			children = (
				7B3322362B33149D00232580 /* HomeView.swift */,
			);
			path = SuperView;
			sourceTree = "<group>";
		};
		7B3322462B331D6200232580 /* TextViewSubviews */ = {
			isa = PBXGroup;
			children = (
				7B3322492B331D7A00232580 /* NavigationBarButtonItemsViews */,
				7B3322562B33266600232580 /* CustomTextFieldView.swift */,
				7B3322582B333BCB00232580 /* ChooseLanguageButtonView.swift */,
				7B33225A2B333D0600232580 /* ChangeLanguagesButtonView.swift */,
				7B33225D2B333FB200232580 /* LanguageSelectionView.swift */,
				7B33225F2B33424C00232580 /* OfflineModeView.swift */,
				7B3322622B334F6A00232580 /* TranslateButtonView.swift */,
				7B3322682B3360E300232580 /* LanguageListView.swift */,
				7B7212DE2B3369E800C4C78B /* LanguageListCellView */,
			);
			path = TextViewSubviews;
			sourceTree = "<group>";
		};
		7B3322492B331D7A00232580 /* NavigationBarButtonItemsViews */ = {
			isa = PBXGroup;
			children = (
				7B33224C2B331DA300232580 /* NavFavButtonView.swift */,
				7B33224E2B331E1800232580 /* NavHistoryButtonView.swift */,
			);
			path = NavigationBarButtonItemsViews;
			sourceTree = "<group>";
		};
		7B3322502B33220C00232580 /* Supporters */ = {
			isa = PBXGroup;
			children = (
				7B3322512B33221700232580 /* Constants.swift */,
				7B7212E12B336E9600C4C78B /* KeyboardObserver.swift */,
			);
			path = Supporters;
			sourceTree = "<group>";
		};
		7B7212DE2B3369E800C4C78B /* LanguageListCellView */ = {
			isa = PBXGroup;
			children = (
				7B7212DF2B3369FF00C4C78B /* LanguageListCellView.swift */,
			);
			path = LanguageListCellView;
			sourceTree = "<group>";
		};
/* End PBXGroup section */

/* Begin PBXNativeTarget section */
		7B3322242B330FA400232580 /* AppsHubTranslationTask */ = {
			isa = PBXNativeTarget;
			buildConfigurationList = 7B3322332B330FA600232580 /* Build configuration list for PBXNativeTarget "AppsHubTranslationTask" */;
			buildPhases = (
				7B3322212B330FA400232580 /* Sources */,
				7B3322222B330FA400232580 /* Frameworks */,
				7B3322232B330FA400232580 /* Resources */,
			);
			buildRules = (
			);
			dependencies = (
			);
			name = AppsHubTranslationTask;
			productName = AppsHubTranslationTask;
			productReference = 7B3322252B330FA400232580 /* AppsHubTranslationTask.app */;
			productType = "com.apple.product-type.application";
		};
/* End PBXNativeTarget section */

/* Begin PBXProject section */
		7B33221D2B330FA400232580 /* Project object */ = {
			isa = PBXProject;
			attributes = {
				BuildIndependentTargetsInParallel = 1;
				LastSwiftUpdateCheck = 1500;
				LastUpgradeCheck = 1500;
				TargetAttributes = {
					7B3322242B330FA400232580 = {
						CreatedOnToolsVersion = 15.0.1;
					};
				};
			};
			buildConfigurationList = 7B3322202B330FA400232580 /* Build configuration list for PBXProject "AppsHubTranslationTask" */;
			compatibilityVersion = "Xcode 14.0";
			developmentRegion = en;
			hasScannedForEncodings = 0;
			knownRegions = (
				en,
				Base,
			);
			mainGroup = 7B33221C2B330FA400232580;
			productRefGroup = 7B3322262B330FA400232580 /* Products */;
			projectDirPath = "";
			projectRoot = "";
			targets = (
				7B3322242B330FA400232580 /* AppsHubTranslationTask */,
			);
		};
/* End PBXProject section */

/* Begin PBXResourcesBuildPhase section */
		7B3322232B330FA400232580 /* Resources */ = {
			isa = PBXResourcesBuildPhase;
			buildActionMask = 2147483647;
			files = (
				7B3322302B330FA600232580 /* Preview Assets.xcassets in Resources */,
				7B33222D2B330FA600232580 /* Assets.xcassets in Resources */,
			);
			runOnlyForDeploymentPostprocessing = 0;
		};
/* End PBXResourcesBuildPhase section */

/* Begin PBXSourcesBuildPhase section */
		7B3322212B330FA400232580 /* Sources */ = {
			isa = PBXSourcesBuildPhase;
			buildActionMask = 2147483647;
			files = (
				7B33224D2B331DA300232580 /* NavFavButtonView.swift in Sources */,
				7B3322412B33153700232580 /* VoiceView.swift in Sources */,
				7B33223D2B33152F00232580 /* TextView.swift in Sources */,
				7B3322672B335E7000232580 /* LanguageViewModel.swift in Sources */,
				7B3322652B335E4700232580 /* LanguageModel.swift in Sources */,
				7B7212E02B3369FF00C4C78B /* LanguageListCellView.swift in Sources */,
				7B3322572B33266600232580 /* CustomTextFieldView.swift in Sources */,
				7B33224F2B331E1800232580 /* NavHistoryButtonView.swift in Sources */,
				7B33225E2B333FB200232580 /* LanguageSelectionView.swift in Sources */,
				7B3322632B334F6A00232580 /* TranslateButtonView.swift in Sources */,
				7B7212E22B336E9600C4C78B /* KeyboardObserver.swift in Sources */,
				7B3322372B33149D00232580 /* HomeView.swift in Sources */,
				7B33225B2B333D0600232580 /* ChangeLanguagesButtonView.swift in Sources */,
				7B3322432B33153C00232580 /* SettingsView.swift in Sources */,
				7B3322292B330FA400232580 /* AppsHubTranslationTaskApp.swift in Sources */,
				7B33223F2B33153300232580 /* CameraView.swift in Sources */,
				7B3322692B3360E300232580 /* LanguageListView.swift in Sources */,
				7B3322592B333BCB00232580 /* ChooseLanguageButtonView.swift in Sources */,
				7B3322522B33221700232580 /* Constants.swift in Sources */,
				7B3322602B33424C00232580 /* OfflineModeView.swift in Sources */,
			);
			runOnlyForDeploymentPostprocessing = 0;
		};
/* End PBXSourcesBuildPhase section */

/* Begin XCBuildConfiguration section */
		7B3322312B330FA600232580 /* Debug */ = {
			isa = XCBuildConfiguration;
			buildSettings = {
				ALWAYS_SEARCH_USER_PATHS = NO;
				ASSETCATALOG_COMPILER_GENERATE_SWIFT_ASSET_SYMBOL_EXTENSIONS = YES;
				CLANG_ANALYZER_NONNULL = YES;
				CLANG_ANALYZER_NUMBER_OBJECT_CONVERSION = YES_AGGRESSIVE;
				CLANG_CXX_LANGUAGE_STANDARD = "gnu++20";
				CLANG_ENABLE_MODULES = YES;
				CLANG_ENABLE_OBJC_ARC = YES;
				CLANG_ENABLE_OBJC_WEAK = YES;
				CLANG_WARN_BLOCK_CAPTURE_AUTORELEASING = YES;
				CLANG_WARN_BOOL_CONVERSION = YES;
				CLANG_WARN_COMMA = YES;
				CLANG_WARN_CONSTANT_CONVERSION = YES;
				CLANG_WARN_DEPRECATED_OBJC_IMPLEMENTATIONS = YES;
				CLANG_WARN_DIRECT_OBJC_ISA_USAGE = YES_ERROR;
				CLANG_WARN_DOCUMENTATION_COMMENTS = YES;
				CLANG_WARN_EMPTY_BODY = YES;
				CLANG_WARN_ENUM_CONVERSION = YES;
				CLANG_WARN_INFINITE_RECURSION = YES;
				CLANG_WARN_INT_CONVERSION = YES;
				CLANG_WARN_NON_LITERAL_NULL_CONVERSION = YES;
				CLANG_WARN_OBJC_IMPLICIT_RETAIN_SELF = YES;
				CLANG_WARN_OBJC_LITERAL_CONVERSION = YES;
				CLANG_WARN_OBJC_ROOT_CLASS = YES_ERROR;
				CLANG_WARN_QUOTED_INCLUDE_IN_FRAMEWORK_HEADER = YES;
				CLANG_WARN_RANGE_LOOP_ANALYSIS = YES;
				CLANG_WARN_STRICT_PROTOTYPES = YES;
				CLANG_WARN_SUSPICIOUS_MOVE = YES;
				CLANG_WARN_UNGUARDED_AVAILABILITY = YES_AGGRESSIVE;
				CLANG_WARN_UNREACHABLE_CODE = YES;
				CLANG_WARN__DUPLICATE_METHOD_MATCH = YES;
				COPY_PHASE_STRIP = NO;
				DEBUG_INFORMATION_FORMAT = dwarf;
				ENABLE_STRICT_OBJC_MSGSEND = YES;
				ENABLE_TESTABILITY = YES;
				ENABLE_USER_SCRIPT_SANDBOXING = YES;
				GCC_C_LANGUAGE_STANDARD = gnu17;
				GCC_DYNAMIC_NO_PIC = NO;
				GCC_NO_COMMON_BLOCKS = YES;
				GCC_OPTIMIZATION_LEVEL = 0;
				GCC_PREPROCESSOR_DEFINITIONS = (
					"DEBUG=1",
					"$(inherited)",
				);
				GCC_WARN_64_TO_32_BIT_CONVERSION = YES;
				GCC_WARN_ABOUT_RETURN_TYPE = YES_ERROR;
				GCC_WARN_UNDECLARED_SELECTOR = YES;
				GCC_WARN_UNINITIALIZED_AUTOS = YES_AGGRESSIVE;
				GCC_WARN_UNUSED_FUNCTION = YES;
				GCC_WARN_UNUSED_VARIABLE = YES;
				IPHONEOS_DEPLOYMENT_TARGET = 17.0;
				LOCALIZATION_PREFERS_STRING_CATALOGS = YES;
				MTL_ENABLE_DEBUG_INFO = INCLUDE_SOURCE;
				MTL_FAST_MATH = YES;
				ONLY_ACTIVE_ARCH = YES;
				SDKROOT = iphoneos;
				SWIFT_ACTIVE_COMPILATION_CONDITIONS = "DEBUG $(inherited)";
				SWIFT_OPTIMIZATION_LEVEL = "-Onone";
			};
			name = Debug;
		};
		7B3322322B330FA600232580 /* Release */ = {
			isa = XCBuildConfiguration;
			buildSettings = {
				ALWAYS_SEARCH_USER_PATHS = NO;
				ASSETCATALOG_COMPILER_GENERATE_SWIFT_ASSET_SYMBOL_EXTENSIONS = YES;
				CLANG_ANALYZER_NONNULL = YES;
				CLANG_ANALYZER_NUMBER_OBJECT_CONVERSION = YES_AGGRESSIVE;
				CLANG_CXX_LANGUAGE_STANDARD = "gnu++20";
				CLANG_ENABLE_MODULES = YES;
				CLANG_ENABLE_OBJC_ARC = YES;
				CLANG_ENABLE_OBJC_WEAK = YES;
				CLANG_WARN_BLOCK_CAPTURE_AUTORELEASING = YES;
				CLANG_WARN_BOOL_CONVERSION = YES;
				CLANG_WARN_COMMA = YES;
				CLANG_WARN_CONSTANT_CONVERSION = YES;
				CLANG_WARN_DEPRECATED_OBJC_IMPLEMENTATIONS = YES;
				CLANG_WARN_DIRECT_OBJC_ISA_USAGE = YES_ERROR;
				CLANG_WARN_DOCUMENTATION_COMMENTS = YES;
				CLANG_WARN_EMPTY_BODY = YES;
				CLANG_WARN_ENUM_CONVERSION = YES;
				CLANG_WARN_INFINITE_RECURSION = YES;
				CLANG_WARN_INT_CONVERSION = YES;
				CLANG_WARN_NON_LITERAL_NULL_CONVERSION = YES;
				CLANG_WARN_OBJC_IMPLICIT_RETAIN_SELF = YES;
				CLANG_WARN_OBJC_LITERAL_CONVERSION = YES;
				CLANG_WARN_OBJC_ROOT_CLASS = YES_ERROR;
				CLANG_WARN_QUOTED_INCLUDE_IN_FRAMEWORK_HEADER = YES;
				CLANG_WARN_RANGE_LOOP_ANALYSIS = YES;
				CLANG_WARN_STRICT_PROTOTYPES = YES;
				CLANG_WARN_SUSPICIOUS_MOVE = YES;
				CLANG_WARN_UNGUARDED_AVAILABILITY = YES_AGGRESSIVE;
				CLANG_WARN_UNREACHABLE_CODE = YES;
				CLANG_WARN__DUPLICATE_METHOD_MATCH = YES;
				COPY_PHASE_STRIP = NO;
				DEBUG_INFORMATION_FORMAT = "dwarf-with-dsym";
				ENABLE_NS_ASSERTIONS = NO;
				ENABLE_STRICT_OBJC_MSGSEND = YES;
				ENABLE_USER_SCRIPT_SANDBOXING = YES;
				GCC_C_LANGUAGE_STANDARD = gnu17;
				GCC_NO_COMMON_BLOCKS = YES;
				GCC_WARN_64_TO_32_BIT_CONVERSION = YES;
				GCC_WARN_ABOUT_RETURN_TYPE = YES_ERROR;
				GCC_WARN_UNDECLARED_SELECTOR = YES;
				GCC_WARN_UNINITIALIZED_AUTOS = YES_AGGRESSIVE;
				GCC_WARN_UNUSED_FUNCTION = YES;
				GCC_WARN_UNUSED_VARIABLE = YES;
				IPHONEOS_DEPLOYMENT_TARGET = 17.0;
				LOCALIZATION_PREFERS_STRING_CATALOGS = YES;
				MTL_ENABLE_DEBUG_INFO = NO;
				MTL_FAST_MATH = YES;
				SDKROOT = iphoneos;
				SWIFT_COMPILATION_MODE = wholemodule;
				VALIDATE_PRODUCT = YES;
			};
			name = Release;
		};
		7B3322342B330FA600232580 /* Debug */ = {
			isa = XCBuildConfiguration;
			buildSettings = {
				ASSETCATALOG_COMPILER_APPICON_NAME = AppIcon;
				ASSETCATALOG_COMPILER_GLOBAL_ACCENT_COLOR_NAME = AccentColor;
				CODE_SIGN_STYLE = Automatic;
				CURRENT_PROJECT_VERSION = 1;
				DEVELOPMENT_ASSET_PATHS = "\"AppsHubTranslationTask/Preview Content\"";
				DEVELOPMENT_TEAM = KTK732WRHB;
				ENABLE_PREVIEWS = YES;
				GENERATE_INFOPLIST_FILE = YES;
				INFOPLIST_KEY_UIApplicationSceneManifest_Generation = YES;
				INFOPLIST_KEY_UIApplicationSupportsIndirectInputEvents = YES;
				INFOPLIST_KEY_UILaunchScreen_Generation = YES;
				INFOPLIST_KEY_UISupportedInterfaceOrientations_iPad = "UIInterfaceOrientationPortrait UIInterfaceOrientationPortraitUpsideDown UIInterfaceOrientationLandscapeLeft UIInterfaceOrientationLandscapeRight";
				INFOPLIST_KEY_UISupportedInterfaceOrientations_iPhone = "UIInterfaceOrientationPortrait UIInterfaceOrientationLandscapeLeft UIInterfaceOrientationLandscapeRight";
				LD_RUNPATH_SEARCH_PATHS = (
					"$(inherited)",
					"@executable_path/Frameworks",
				);
				MARKETING_VERSION = 1.0;
				PRODUCT_BUNDLE_IDENTIFIER = com.allymationes.AppsHubTranslationTask;
				PRODUCT_NAME = "$(TARGET_NAME)";
				SWIFT_EMIT_LOC_STRINGS = YES;
				SWIFT_VERSION = 5.0;
				TARGETED_DEVICE_FAMILY = "1,2";
			};
			name = Debug;
		};
		7B3322352B330FA600232580 /* Release */ = {
			isa = XCBuildConfiguration;
			buildSettings = {
				ASSETCATALOG_COMPILER_APPICON_NAME = AppIcon;
				ASSETCATALOG_COMPILER_GLOBAL_ACCENT_COLOR_NAME = AccentColor;
				CODE_SIGN_STYLE = Automatic;
				CURRENT_PROJECT_VERSION = 1;
				DEVELOPMENT_ASSET_PATHS = "\"AppsHubTranslationTask/Preview Content\"";
				DEVELOPMENT_TEAM = KTK732WRHB;
				ENABLE_PREVIEWS = YES;
				GENERATE_INFOPLIST_FILE = YES;
				INFOPLIST_KEY_UIApplicationSceneManifest_Generation = YES;
				INFOPLIST_KEY_UIApplicationSupportsIndirectInputEvents = YES;
				INFOPLIST_KEY_UILaunchScreen_Generation = YES;
				INFOPLIST_KEY_UISupportedInterfaceOrientations_iPad = "UIInterfaceOrientationPortrait UIInterfaceOrientationPortraitUpsideDown UIInterfaceOrientationLandscapeLeft UIInterfaceOrientationLandscapeRight";
				INFOPLIST_KEY_UISupportedInterfaceOrientations_iPhone = "UIInterfaceOrientationPortrait UIInterfaceOrientationLandscapeLeft UIInterfaceOrientationLandscapeRight";
				LD_RUNPATH_SEARCH_PATHS = (
					"$(inherited)",
					"@executable_path/Frameworks",
				);
				MARKETING_VERSION = 1.0;
				PRODUCT_BUNDLE_IDENTIFIER = com.allymationes.AppsHubTranslationTask;
				PRODUCT_NAME = "$(TARGET_NAME)";
				SWIFT_EMIT_LOC_STRINGS = YES;
				SWIFT_VERSION = 5.0;
				TARGETED_DEVICE_FAMILY = "1,2";
			};
			name = Release;
		};
/* End XCBuildConfiguration section */

/* Begin XCConfigurationList section */
		7B3322202B330FA400232580 /* Build configuration list for PBXProject "AppsHubTranslationTask" */ = {
			isa = XCConfigurationList;
			buildConfigurations = (
				7B3322312B330FA600232580 /* Debug */,
				7B3322322B330FA600232580 /* Release */,
			);
			defaultConfigurationIsVisible = 0;
			defaultConfigurationName = Release;
		};
		7B3322332B330FA600232580 /* Build configuration list for PBXNativeTarget "AppsHubTranslationTask" */ = {
			isa = XCConfigurationList;
			buildConfigurations = (
				7B3322342B330FA600232580 /* Debug */,
				7B3322352B330FA600232580 /* Release */,
			);
			defaultConfigurationIsVisible = 0;
			defaultConfigurationName = Release;
		};
/* End XCConfigurationList section */
	};
	rootObject = 7B33221D2B330FA400232580 /* Project object */;
}
